
Microsoft Visual Studio Solution File, Format Version 12.00
# Visual Studio 15
VisualStudioVersion = 15.0.28307.645
MinimumVisualStudioVersion = 10.0.40219.1
Project("{FAE04EC0-301F-11D3-BF4B-00C04F79EFBC}") = "1002_shop_program", "1002_shop_program\1002_shop_program.csproj", "{E337EEC0-8C37-4B29-8718-BE7EDEEAC9FE}"
EndProject
Global
	GlobalSection(SolutionConfigurationPlatforms) = preSolution
		Debug|Any CPU = Debug|Any CPU
		Release|Any CPU = Release|Any CPU
	EndGlobalSection
	GlobalSection(ProjectConfigurationPlatforms) = postSolution
		{E337EEC0-8C37-4B29-8718-BE7EDEEAC9FE}.Debug|Any CPU.ActiveCfg = Debug|Any CPU
		{E337EEC0-8C37-4B29-8718-BE7EDEEAC9FE}.Debug|Any CPU.Build.0 = Debug|Any CPU
		{E337EEC0-8C37-4B29-8718-BE7EDEEAC9FE}.Release|Any CPU.ActiveCfg = Release|Any CPU
		{E337EEC0-8C37-4B29-8718-BE7EDEEAC9FE}.Release|Any CPU.Build.0 = Release|Any CPU
	EndGlobalSection
	GlobalSection(SolutionProperties) = preSolution
		HideSolutionNode = FALSE
	EndGlobalSection
	GlobalSection(ExtensibilityGlobals) = postSolution
		SolutionGuid = {7086EC2B-DEBB-4948-BEA1-3B0BA445D16B}
	EndGlobalSection
EndGlobal
